
Microsoft Visual Studio Solution File, Format Version 12.00
# Visual Studio Version 17
VisualStudioVersion = 17.8.34322.80
MinimumVisualStudioVersion = 10.0.40219.1
Project("{FAE04EC0-301F-11D3-BF4B-00C04F79EFBC}") = "MvcWebExample_Web", "MvcWebExample\MvcWebExample_Web.csproj", "{1E630CFD-3651-4034-879E-D198604B7808}"
EndProject
Project("{FAE04EC0-301F-11D3-BF4B-00C04F79EFBC}") = "MvcWebExample_DataAccess", "MvcWebExample_DataAccess\MvcWebExample_DataAccess.csproj", "{3E76EAE8-8E90-460C-8E0C-C7AA7DA33AAF}"
EndProject
Project("{FAE04EC0-301F-11D3-BF4B-00C04F79EFBC}") = "MvcWebExample_Data", "MvcWebExample_Models\MvcWebExample_Data.csproj", "{66E0CBAD-ABD2-484A-A5BB-C17B16E77EB2}"
EndProject
Project("{FAE04EC0-301F-11D3-BF4B-00C04F79EFBC}") = "MvcWebExample_UI", "MvcWebExample_UI\MvcWebExample_UI.csproj", "{6702906C-059E-473B-8AEE-5C7D5BC5D2D7}"
EndProject
Global
	GlobalSection(SolutionConfigurationPlatforms) = preSolution
		Debug|Any CPU = Debug|Any CPU
		Release|Any CPU = Release|Any CPU
	EndGlobalSection
	GlobalSection(ProjectConfigurationPlatforms) = postSolution
		{1E630CFD-3651-4034-879E-D198604B7808}.Debug|Any CPU.ActiveCfg = Debug|Any CPU
		{1E630CFD-3651-4034-879E-D198604B7808}.Debug|Any CPU.Build.0 = Debug|Any CPU
		{1E630CFD-3651-4034-879E-D198604B7808}.Release|Any CPU.ActiveCfg = Release|Any CPU
		{1E630CFD-3651-4034-879E-D198604B7808}.Release|Any CPU.Build.0 = Release|Any CPU
		{3E76EAE8-8E90-460C-8E0C-C7AA7DA33AAF}.Debug|Any CPU.ActiveCfg = Debug|Any CPU
		{3E76EAE8-8E90-460C-8E0C-C7AA7DA33AAF}.Debug|Any CPU.Build.0 = Debug|Any CPU
		{3E76EAE8-8E90-460C-8E0C-C7AA7DA33AAF}.Release|Any CPU.ActiveCfg = Release|Any CPU
		{3E76EAE8-8E90-460C-8E0C-C7AA7DA33AAF}.Release|Any CPU.Build.0 = Release|Any CPU
		{66E0CBAD-ABD2-484A-A5BB-C17B16E77EB2}.Debug|Any CPU.ActiveCfg = Debug|Any CPU
		{66E0CBAD-ABD2-484A-A5BB-C17B16E77EB2}.Debug|Any CPU.Build.0 = Debug|Any CPU
		{66E0CBAD-ABD2-484A-A5BB-C17B16E77EB2}.Release|Any CPU.ActiveCfg = Release|Any CPU
		{66E0CBAD-ABD2-484A-A5BB-C17B16E77EB2}.Release|Any CPU.Build.0 = Release|Any CPU
		{6702906C-059E-473B-8AEE-5C7D5BC5D2D7}.Debug|Any CPU.ActiveCfg = Debug|Any CPU
		{6702906C-059E-473B-8AEE-5C7D5BC5D2D7}.Debug|Any CPU.Build.0 = Debug|Any CPU
		{6702906C-059E-473B-8AEE-5C7D5BC5D2D7}.Release|Any CPU.ActiveCfg = Release|Any CPU
		{6702906C-059E-473B-8AEE-5C7D5BC5D2D7}.Release|Any CPU.Build.0 = Release|Any CPU
	EndGlobalSection
	GlobalSection(SolutionProperties) = preSolution
		HideSolutionNode = FALSE
	EndGlobalSection
	GlobalSection(ExtensibilityGlobals) = postSolution
		SolutionGuid = {27792C3E-10E6-4476-B51D-A1D19A4FF98F}
	EndGlobalSection
EndGlobal
